
Microsoft Visual Studio Solution File, Format Version 12.00
# Visual Studio 2012
Project("{FAE04EC0-301F-11D3-BF4B-00C04F79EFBC}") = "Geta.Tags", "Geta.Tags.csproj", "{DAC7C620-4960-4523-8ED6-352D9FBF5E17}"
EndProject
Global
	GlobalSection(SolutionConfigurationPlatforms) = preSolution
		Debug|Any CPU = Debug|Any CPU
		Release|Any CPU = Release|Any CPU
	EndGlobalSection
	GlobalSection(ProjectConfigurationPlatforms) = postSolution
		{DAC7C620-4960-4523-8ED6-352D9FBF5E17}.Debug|Any CPU.ActiveCfg = Debug|Any CPU
		{DAC7C620-4960-4523-8ED6-352D9FBF5E17}.Debug|Any CPU.Build.0 = Debug|Any CPU
		{DAC7C620-4960-4523-8ED6-352D9FBF5E17}.Release|Any CPU.ActiveCfg = Release|Any CPU
		{DAC7C620-4960-4523-8ED6-352D9FBF5E17}.Release|Any CPU.Build.0 = Release|Any CPU
	EndGlobalSection
	GlobalSection(SolutionProperties) = preSolution
		HideSolutionNode = FALSE
	EndGlobalSection
EndGlobal
